
Microsoft Visual Studio Solution File, Format Version 12.00
# Visual Studio Version 16
VisualStudioVersion = 16.0.31424.327
MinimumVisualStudioVersion = 10.0.40219.1
Project("{FAE04EC0-301F-11D3-BF4B-00C04F79EFBC}") = "REL4XWARE", "REL4XWARE.csproj", "{40B3E726-E036-4A76-84EE-B591294AC06E}"
EndProject
Global
	GlobalSection(SolutionConfigurationPlatforms) = preSolution
		Debug|Any CPU = Debug|Any CPU
		Release|Any CPU = Release|Any CPU
	EndGlobalSection
	GlobalSection(ProjectConfigurationPlatforms) = postSolution
		{40B3E726-E036-4A76-84EE-B591294AC06E}.Debug|Any CPU.ActiveCfg = Debug|Any CPU
		{40B3E726-E036-4A76-84EE-B591294AC06E}.Debug|Any CPU.Build.0 = Debug|Any CPU
		{40B3E726-E036-4A76-84EE-B591294AC06E}.Release|Any CPU.ActiveCfg = Release|Any CPU
		{40B3E726-E036-4A76-84EE-B591294AC06E}.Release|Any CPU.Build.0 = Release|Any CPU
	EndGlobalSection
	GlobalSection(SolutionProperties) = preSolution
		HideSolutionNode = FALSE
	EndGlobalSection
	GlobalSection(ExtensibilityGlobals) = postSolution
		SolutionGuid = {21191EE6-D3B2-432B-872F-97B66119BD6D}
	EndGlobalSection
EndGlobal
